<?xml version="1.0" encoding="UTF-8" standalone="yes" ?>
<CodeBlocks_project_file>
	<FileVersion major="1" minor="6" />
	<Project>
		<Option title="spl-1" />
		<Option pch_mode="2" />
		<Option compiler="gcc" />
		<Build>
			<Target title="Debug">
				<Option output="bin/Debug/spl-1" prefix_auto="1" extension_auto="1" />
				<Option object_output="obj/Debug/" />
				<Option type="1" />
				<Option compiler="gcc" />
				<Compiler>
					<Add option="-g" />
				</Compiler>
			</Target>
			<Target title="Release">
				<Option output="bin/Release/spl-1" prefix_auto="1" extension_auto="1" />
				<Option object_output="obj/Release/" />
				<Option type="1" />
				<Option compiler="gcc" />
				<Compiler>
					<Add option="-O2" />
				</Compiler>
				<Linker>
					<Add option="-s" />
				</Linker>
			</Target>
		</Build>
		<Compiler>
			<Add option="-Wall" />
			<Add option="-fexceptions" />
		</Compiler>
		<Unit filename="control_student.cpp" />
		<Unit filename="control_teacher.cpp" />
		<Unit filename="delete_student.cpp" />
		<Unit filename="function_basic.cpp" />
		<Unit filename="function_window.cpp" />
		<Unit filename="header.h" />
		<Unit filename="home_admin.cpp" />
		<Unit filename="home_student.cpp" />
		<Unit filename="home_teacher.cpp" />
		<Unit filename="login.cpp" />
		<Unit filename="main.cpp" />
		<Unit filename="modify_student.cpp" />
		<Unit filename="person.h" />
		<Unit filename="semester_course.h" />
		<Unit filename="student.h" />
		<Unit filename="teacher.h" />
		<Unit filename="view_student_info.cpp" />
		<Extensions />
	</Project>
</CodeBlocks_project_file>
